
Microsoft Visual Studio Solution File, Format Version 12.00
# Visual Studio Version 17
VisualStudioVersion = 17.4.33122.133
MinimumVisualStudioVersion = 10.0.40219.1
Project("{9A19103F-16F7-4668-BE54-9A1E7A4F7556}") = "Book_Store", "My_Final_Project\Book_Store.csproj", "{FDBA7AF0-46F6-4A6A-B6C1-45D60E89DB7B}"
EndProject
Global
	GlobalSection(SolutionConfigurationPlatforms) = preSolution
		Debug|Any CPU = Debug|Any CPU
		Release|Any CPU = Release|Any CPU
	EndGlobalSection
	GlobalSection(ProjectConfigurationPlatforms) = postSolution
		{FDBA7AF0-46F6-4A6A-B6C1-45D60E89DB7B}.Debug|Any CPU.ActiveCfg = Debug|Any CPU
		{FDBA7AF0-46F6-4A6A-B6C1-45D60E89DB7B}.Debug|Any CPU.Build.0 = Debug|Any CPU
		{FDBA7AF0-46F6-4A6A-B6C1-45D60E89DB7B}.Release|Any CPU.ActiveCfg = Release|Any CPU
		{FDBA7AF0-46F6-4A6A-B6C1-45D60E89DB7B}.Release|Any CPU.Build.0 = Release|Any CPU
	EndGlobalSection
	GlobalSection(SolutionProperties) = preSolution
		HideSolutionNode = FALSE
	EndGlobalSection
	GlobalSection(ExtensibilityGlobals) = postSolution
		SolutionGuid = {5BEB14D3-2E13-4BBE-96CA-6A71B3DD9A16}
	EndGlobalSection
EndGlobal
